
Microsoft Visual Studio Solution File, Format Version 12.00
# Visual Studio Version 17
VisualStudioVersion = 17.0.31717.71
MinimumVisualStudioVersion = 10.0.40219.1
Project("{9A19103F-16F7-4668-BE54-9A1E7A4F7556}") = "BowlingBackend", "MongoTest\BowlingBackend.csproj", "{579DF2E3-DADB-4FB8-897A-8ED4CC979745}"
EndProject
Project("{9A19103F-16F7-4668-BE54-9A1E7A4F7556}") = "BowlingTest", "BowlingTest\BowlingTest.csproj", "{F27EDA63-B4DC-4555-BC9A-68FC0E055A6F}"
	ProjectSection(ProjectDependencies) = postProject
		{579DF2E3-DADB-4FB8-897A-8ED4CC979745} = {579DF2E3-DADB-4FB8-897A-8ED4CC979745}
	EndProjectSection
EndProject
Project("{FAE04EC0-301F-11D3-BF4B-00C04F79EFBC}") = "BowlingFrontend", "BowlingFrontend\BowlingFrontend.csproj", "{DCE1CAAE-5C99-4FCB-9AF6-0FDCFA6AC0BF}"
EndProject
Global
	GlobalSection(SolutionConfigurationPlatforms) = preSolution
		Debug|Any CPU = Debug|Any CPU
		Release|Any CPU = Release|Any CPU
	EndGlobalSection
	GlobalSection(ProjectConfigurationPlatforms) = postSolution
		{579DF2E3-DADB-4FB8-897A-8ED4CC979745}.Debug|Any CPU.ActiveCfg = Debug|Any CPU
		{579DF2E3-DADB-4FB8-897A-8ED4CC979745}.Debug|Any CPU.Build.0 = Debug|Any CPU
		{579DF2E3-DADB-4FB8-897A-8ED4CC979745}.Release|Any CPU.ActiveCfg = Release|Any CPU
		{579DF2E3-DADB-4FB8-897A-8ED4CC979745}.Release|Any CPU.Build.0 = Release|Any CPU
		{F27EDA63-B4DC-4555-BC9A-68FC0E055A6F}.Debug|Any CPU.ActiveCfg = Debug|Any CPU
		{F27EDA63-B4DC-4555-BC9A-68FC0E055A6F}.Debug|Any CPU.Build.0 = Debug|Any CPU
		{F27EDA63-B4DC-4555-BC9A-68FC0E055A6F}.Release|Any CPU.ActiveCfg = Release|Any CPU
		{F27EDA63-B4DC-4555-BC9A-68FC0E055A6F}.Release|Any CPU.Build.0 = Release|Any CPU
		{DCE1CAAE-5C99-4FCB-9AF6-0FDCFA6AC0BF}.Debug|Any CPU.ActiveCfg = Debug|Any CPU
		{DCE1CAAE-5C99-4FCB-9AF6-0FDCFA6AC0BF}.Debug|Any CPU.Build.0 = Debug|Any CPU
		{DCE1CAAE-5C99-4FCB-9AF6-0FDCFA6AC0BF}.Release|Any CPU.ActiveCfg = Release|Any CPU
		{DCE1CAAE-5C99-4FCB-9AF6-0FDCFA6AC0BF}.Release|Any CPU.Build.0 = Release|Any CPU
	EndGlobalSection
	GlobalSection(SolutionProperties) = preSolution
		HideSolutionNode = FALSE
	EndGlobalSection
	GlobalSection(ExtensibilityGlobals) = postSolution
		SolutionGuid = {EBE1ABAA-26E4-4136-A3E6-A4433A9B441C}
	EndGlobalSection
EndGlobal
